// !$*UTF8*$!
{
	archiveVersion = 1;
	classes = {
	};
	objectVersion = 77;
	objects = {

/* Begin PBXBuildFile section */
		31CA3FCF2D567398009AF82C /* Preview Assets.xcassets in Resources */ = {isa = PBXBuildFile; fileRef = 31CA3FC92D567398009AF82C /* Preview Assets.xcassets */; };
		31CA3FD02D567398009AF82C /* Assets.xcassets in Resources */ = {isa = PBXBuildFile; fileRef = 31CA3FCC2D567398009AF82C /* Assets.xcassets */; };
		31CA3FD12D567398009AF82C /* AnimationsListView.swift in Sources */ = {isa = PBXBuildFile; fileRef = 31CA3FCB2D567398009AF82C /* AnimationsListView.swift */; };
		31CA3FD22D567398009AF82C /* LottieAnimationsListApp.swift in Sources */ = {isa = PBXBuildFile; fileRef = 31CA3FCD2D567398009AF82C /* LottieAnimationsListApp.swift */; };
		31CA3FD72D5674B5009AF82C /* Lottie in Frameworks */ = {isa = PBXBuildFile; productRef = 31CA3FD62D5674B5009AF82C /* Lottie */; };
		31CA3FD92D567680009AF82C /* LottieView.swift in Sources */ = {isa = PBXBuildFile; fileRef = 31CA3FD82D567680009AF82C /* LottieView.swift */; };
		31CA3FDC2D5679B3009AF82C /* Animation - 1738948844100.json in Resources */ = {isa = PBXBuildFile; fileRef = 31CA3FDB2D5679B3009AF82C /* Animation - 1738948844100.json */; };
		31CA3FDE2D5679F2009AF82C /* Animation - 1738949187570.json in Resources */ = {isa = PBXBuildFile; fileRef = 31CA3FDD2D5679F2009AF82C /* Animation - 1738949187570.json */; };
		31CA3FE02D567A32009AF82C /* FavouriteAnimation.swift in Sources */ = {isa = PBXBuildFile; fileRef = 31CA3FDF2D567A27009AF82C /* FavouriteAnimation.swift */; };
/* End PBXBuildFile section */

/* Begin PBXFileReference section */
		31CA3FB82D567361009AF82C /* LottieAnimationsList.app */ = {isa = PBXFileReference; explicitFileType = wrapper.application; includeInIndex = 0; path = LottieAnimationsList.app; sourceTree = BUILT_PRODUCTS_DIR; };
		31CA3FC92D567398009AF82C /* Preview Assets.xcassets */ = {isa = PBXFileReference; lastKnownFileType = folder.assetcatalog; path = "Preview Assets.xcassets"; sourceTree = "<group>"; };
		31CA3FCB2D567398009AF82C /* AnimationsListView.swift */ = {isa = PBXFileReference; lastKnownFileType = sourcecode.swift; path = AnimationsListView.swift; sourceTree = "<group>"; };
		31CA3FCC2D567398009AF82C /* Assets.xcassets */ = {isa = PBXFileReference; lastKnownFileType = folder.assetcatalog; path = Assets.xcassets; sourceTree = "<group>"; };
		31CA3FCD2D567398009AF82C /* LottieAnimationsListApp.swift */ = {isa = PBXFileReference; lastKnownFileType = sourcecode.swift; path = LottieAnimationsListApp.swift; sourceTree = "<group>"; };
		31CA3FD82D567680009AF82C /* LottieView.swift */ = {isa = PBXFileReference; lastKnownFileType = sourcecode.swift; path = LottieView.swift; sourceTree = "<group>"; };
		31CA3FDB2D5679B3009AF82C /* Animation - 1738948844100.json */ = {isa = PBXFileReference; lastKnownFileType = text.json; path = "Animation - 1738948844100.json"; sourceTree = "<group>"; };
		31CA3FDD2D5679F2009AF82C /* Animation - 1738949187570.json */ = {isa = PBXFileReference; lastKnownFileType = text.json; path = "Animation - 1738949187570.json"; sourceTree = "<group>"; };
		31CA3FDF2D567A27009AF82C /* FavouriteAnimation.swift */ = {isa = PBXFileReference; lastKnownFileType = sourcecode.swift; path = FavouriteAnimation.swift; sourceTree = "<group>"; };
/* End PBXFileReference section */

/* Begin PBXFrameworksBuildPhase section */
		31CA3FB52D567361009AF82C /* Frameworks */ = {
			isa = PBXFrameworksBuildPhase;
			buildActionMask = 2147483647;
			files = (
				31CA3FD72D5674B5009AF82C /* Lottie in Frameworks */,
			);
			runOnlyForDeploymentPostprocessing = 0;
		};
/* End PBXFrameworksBuildPhase section */

/* Begin PBXGroup section */
		31CA3FAF2D567361009AF82C = {
			isa = PBXGroup;
			children = (
				31CA3FCE2D567398009AF82C /* LottieAnimationsList */,
				31CA3FB92D567361009AF82C /* Products */,
			);
			sourceTree = "<group>";
		};
		31CA3FB92D567361009AF82C /* Products */ = {
			isa = PBXGroup;
			children = (
				31CA3FB82D567361009AF82C /* LottieAnimationsList.app */,
			);
			name = Products;
			sourceTree = "<group>";
		};
		31CA3FCA2D567398009AF82C /* Preview Content */ = {
			isa = PBXGroup;
			children = (
				31CA3FC92D567398009AF82C /* Preview Assets.xcassets */,
			);
			path = "Preview Content";
			sourceTree = "<group>";
		};
		31CA3FCE2D567398009AF82C /* LottieAnimationsList */ = {
			isa = PBXGroup;
			children = (
				31CA3FDA2D5678B2009AF82C /* Animations */,
				31CA3FD42D5673A8009AF82C /* Views */,
				31CA3FD32D5673A0009AF82C /* Model */,
				31CA3FCA2D567398009AF82C /* Preview Content */,
				31CA3FCC2D567398009AF82C /* Assets.xcassets */,
				31CA3FCD2D567398009AF82C /* LottieAnimationsListApp.swift */,
			);
			path = LottieAnimationsList;
			sourceTree = "<group>";
		};
		31CA3FD32D5673A0009AF82C /* Model */ = {
			isa = PBXGroup;
			children = (
				31CA3FDF2D567A27009AF82C /* FavouriteAnimation.swift */,
			);
			path = Model;
			sourceTree = "<group>";
		};
		31CA3FD42D5673A8009AF82C /* Views */ = {
			isa = PBXGroup;
			children = (
				31CA3FCB2D567398009AF82C /* AnimationsListView.swift */,
				31CA3FD82D567680009AF82C /* LottieView.swift */,
			);
			path = Views;
			sourceTree = "<group>";
		};
		31CA3FDA2D5678B2009AF82C /* Animations */ = {
			isa = PBXGroup;
			children = (
				31CA3FDB2D5679B3009AF82C /* Animation - 1738948844100.json */,
				31CA3FDD2D5679F2009AF82C /* Animation - 1738949187570.json */,
			);
			path = Animations;
			sourceTree = "<group>";
		};
/* End PBXGroup section */

/* Begin PBXNativeTarget section */
		31CA3FB72D567361009AF82C /* LottieAnimationsList */ = {
			isa = PBXNativeTarget;
			buildConfigurationList = 31CA3FC62D567363009AF82C /* Build configuration list for PBXNativeTarget "LottieAnimationsList" */;
			buildPhases = (
				31CA3FB42D567361009AF82C /* Sources */,
				31CA3FB52D567361009AF82C /* Frameworks */,
				31CA3FB62D567361009AF82C /* Resources */,
			);
			buildRules = (
			);
			dependencies = (
			);
			name = LottieAnimationsList;
			packageProductDependencies = (
				31CA3FD62D5674B5009AF82C /* Lottie */,
			);
			productName = LottieAnimationsList;
			productReference = 31CA3FB82D567361009AF82C /* LottieAnimationsList.app */;
			productType = "com.apple.product-type.application";
		};
/* End PBXNativeTarget section */

/* Begin PBXProject section */
		31CA3FB02D567361009AF82C /* Project object */ = {
			isa = PBXProject;
			attributes = {
				BuildIndependentTargetsInParallel = 1;
				LastSwiftUpdateCheck = 1600;
				LastUpgradeCheck = 1600;
				TargetAttributes = {
					31CA3FB72D567361009AF82C = {
						CreatedOnToolsVersion = 16.0;
					};
				};
			};
			buildConfigurationList = 31CA3FB32D567361009AF82C /* Build configuration list for PBXProject "LottieAnimationsList" */;
			developmentRegion = en;
			hasScannedForEncodings = 0;
			knownRegions = (
				en,
				Base,
			);
			mainGroup = 31CA3FAF2D567361009AF82C;
			minimizedProjectReferenceProxies = 1;
			packageReferences = (
				31CA3FD52D5674B5009AF82C /* XCRemoteSwiftPackageReference "lottie-ios" */,
			);
			preferredProjectObjectVersion = 77;
			productRefGroup = 31CA3FB92D567361009AF82C /* Products */;
			projectDirPath = "";
			projectRoot = "";
			targets = (
				31CA3FB72D567361009AF82C /* LottieAnimationsList */,
			);
		};
/* End PBXProject section */

/* Begin PBXResourcesBuildPhase section */
		31CA3FB62D567361009AF82C /* Resources */ = {
			isa = PBXResourcesBuildPhase;
			buildActionMask = 2147483647;
			files = (
				31CA3FDE2D5679F2009AF82C /* Animation - 1738949187570.json in Resources */,
				31CA3FCF2D567398009AF82C /* Preview Assets.xcassets in Resources */,
				31CA3FDC2D5679B3009AF82C /* Animation - 1738948844100.json in Resources */,
				31CA3FD02D567398009AF82C /* Assets.xcassets in Resources */,
			);
			runOnlyForDeploymentPostprocessing = 0;
		};
/* End PBXResourcesBuildPhase section */

/* Begin PBXSourcesBuildPhase section */
		31CA3FB42D567361009AF82C /* Sources */ = {
			isa = PBXSourcesBuildPhase;
			buildActionMask = 2147483647;
			files = (
				31CA3FE02D567A32009AF82C /* FavouriteAnimation.swift in Sources */,
				31CA3FD12D567398009AF82C /* AnimationsListView.swift in Sources */,
				31CA3FD22D567398009AF82C /* LottieAnimationsListApp.swift in Sources */,
				31CA3FD92D567680009AF82C /* LottieView.swift in Sources */,
			);
			runOnlyForDeploymentPostprocessing = 0;
		};
/* End PBXSourcesBuildPhase section */

/* Begin XCBuildConfiguration section */
		31CA3FC42D567363009AF82C /* Debug */ = {
			isa = XCBuildConfiguration;
			buildSettings = {
				ALWAYS_SEARCH_USER_PATHS = NO;
				ASSETCATALOG_COMPILER_GENERATE_SWIFT_ASSET_SYMBOL_EXTENSIONS = YES;
				CLANG_ANALYZER_NONNULL = YES;
				CLANG_ANALYZER_NUMBER_OBJECT_CONVERSION = YES_AGGRESSIVE;
				CLANG_CXX_LANGUAGE_STANDARD = "gnu++20";
				CLANG_ENABLE_MODULES = YES;
				CLANG_ENABLE_OBJC_ARC = YES;
				CLANG_ENABLE_OBJC_WEAK = YES;
				CLANG_WARN_BLOCK_CAPTURE_AUTORELEASING = YES;
				CLANG_WARN_BOOL_CONVERSION = YES;
				CLANG_WARN_COMMA = YES;
				CLANG_WARN_CONSTANT_CONVERSION = YES;
				CLANG_WARN_DEPRECATED_OBJC_IMPLEMENTATIONS = YES;
				CLANG_WARN_DIRECT_OBJC_ISA_USAGE = YES_ERROR;
				CLANG_WARN_DOCUMENTATION_COMMENTS = YES;
				CLANG_WARN_EMPTY_BODY = YES;
				CLANG_WARN_ENUM_CONVERSION = YES;
				CLANG_WARN_INFINITE_RECURSION = YES;
				CLANG_WARN_INT_CONVERSION = YES;
				CLANG_WARN_NON_LITERAL_NULL_CONVERSION = YES;
				CLANG_WARN_OBJC_IMPLICIT_RETAIN_SELF = YES;
				CLANG_WARN_OBJC_LITERAL_CONVERSION = YES;
				CLANG_WARN_OBJC_ROOT_CLASS = YES_ERROR;
				CLANG_WARN_QUOTED_INCLUDE_IN_FRAMEWORK_HEADER = YES;
				CLANG_WARN_RANGE_LOOP_ANALYSIS = YES;
				CLANG_WARN_STRICT_PROTOTYPES = YES;
				CLANG_WARN_SUSPICIOUS_MOVE = YES;
				CLANG_WARN_UNGUARDED_AVAILABILITY = YES_AGGRESSIVE;
				CLANG_WARN_UNREACHABLE_CODE = YES;
				CLANG_WARN__DUPLICATE_METHOD_MATCH = YES;
				COPY_PHASE_STRIP = NO;
				DEBUG_INFORMATION_FORMAT = dwarf;
				ENABLE_STRICT_OBJC_MSGSEND = YES;
				ENABLE_TESTABILITY = YES;
				ENABLE_USER_SCRIPT_SANDBOXING = YES;
				GCC_C_LANGUAGE_STANDARD = gnu17;
				GCC_DYNAMIC_NO_PIC = NO;
				GCC_NO_COMMON_BLOCKS = YES;
				GCC_OPTIMIZATION_LEVEL = 0;
				GCC_PREPROCESSOR_DEFINITIONS = (
					"DEBUG=1",
					"$(inherited)",
				);
				GCC_WARN_64_TO_32_BIT_CONVERSION = YES;
				GCC_WARN_ABOUT_RETURN_TYPE = YES_ERROR;
				GCC_WARN_UNDECLARED_SELECTOR = YES;
				GCC_WARN_UNINITIALIZED_AUTOS = YES_AGGRESSIVE;
				GCC_WARN_UNUSED_FUNCTION = YES;
				GCC_WARN_UNUSED_VARIABLE = YES;
				IPHONEOS_DEPLOYMENT_TARGET = 18.0;
				LOCALIZATION_PREFERS_STRING_CATALOGS = YES;
				MTL_ENABLE_DEBUG_INFO = INCLUDE_SOURCE;
				MTL_FAST_MATH = YES;
				ONLY_ACTIVE_ARCH = YES;
				SDKROOT = iphoneos;
				SWIFT_ACTIVE_COMPILATION_CONDITIONS = "DEBUG $(inherited)";
				SWIFT_OPTIMIZATION_LEVEL = "-Onone";
			};
			name = Debug;
		};
		31CA3FC52D567363009AF82C /* Release */ = {
			isa = XCBuildConfiguration;
			buildSettings = {
				ALWAYS_SEARCH_USER_PATHS = NO;
				ASSETCATALOG_COMPILER_GENERATE_SWIFT_ASSET_SYMBOL_EXTENSIONS = YES;
				CLANG_ANALYZER_NONNULL = YES;
				CLANG_ANALYZER_NUMBER_OBJECT_CONVERSION = YES_AGGRESSIVE;
				CLANG_CXX_LANGUAGE_STANDARD = "gnu++20";
				CLANG_ENABLE_MODULES = YES;
				CLANG_ENABLE_OBJC_ARC = YES;
				CLANG_ENABLE_OBJC_WEAK = YES;
				CLANG_WARN_BLOCK_CAPTURE_AUTORELEASING = YES;
				CLANG_WARN_BOOL_CONVERSION = YES;
				CLANG_WARN_COMMA = YES;
				CLANG_WARN_CONSTANT_CONVERSION = YES;
				CLANG_WARN_DEPRECATED_OBJC_IMPLEMENTATIONS = YES;
				CLANG_WARN_DIRECT_OBJC_ISA_USAGE = YES_ERROR;
				CLANG_WARN_DOCUMENTATION_COMMENTS = YES;
				CLANG_WARN_EMPTY_BODY = YES;
				CLANG_WARN_ENUM_CONVERSION = YES;
				CLANG_WARN_INFINITE_RECURSION = YES;
				CLANG_WARN_INT_CONVERSION = YES;
				CLANG_WARN_NON_LITERAL_NULL_CONVERSION = YES;
				CLANG_WARN_OBJC_IMPLICIT_RETAIN_SELF = YES;
				CLANG_WARN_OBJC_LITERAL_CONVERSION = YES;
				CLANG_WARN_OBJC_ROOT_CLASS = YES_ERROR;
				CLANG_WARN_QUOTED_INCLUDE_IN_FRAMEWORK_HEADER = YES;
				CLANG_WARN_RANGE_LOOP_ANALYSIS = YES;
				CLANG_WARN_STRICT_PROTOTYPES = YES;
				CLANG_WARN_SUSPICIOUS_MOVE = YES;
				CLANG_WARN_UNGUARDED_AVAILABILITY = YES_AGGRESSIVE;
				CLANG_WARN_UNREACHABLE_CODE = YES;
				CLANG_WARN__DUPLICATE_METHOD_MATCH = YES;
				COPY_PHASE_STRIP = NO;
				DEBUG_INFORMATION_FORMAT = "dwarf-with-dsym";
				ENABLE_NS_ASSERTIONS = NO;
				ENABLE_STRICT_OBJC_MSGSEND = YES;
				ENABLE_USER_SCRIPT_SANDBOXING = YES;
				GCC_C_LANGUAGE_STANDARD = gnu17;
				GCC_NO_COMMON_BLOCKS = YES;
				GCC_WARN_64_TO_32_BIT_CONVERSION = YES;
				GCC_WARN_ABOUT_RETURN_TYPE = YES_ERROR;
				GCC_WARN_UNDECLARED_SELECTOR = YES;
				GCC_WARN_UNINITIALIZED_AUTOS = YES_AGGRESSIVE;
				GCC_WARN_UNUSED_FUNCTION = YES;
				GCC_WARN_UNUSED_VARIABLE = YES;
				IPHONEOS_DEPLOYMENT_TARGET = 18.0;
				LOCALIZATION_PREFERS_STRING_CATALOGS = YES;
				MTL_ENABLE_DEBUG_INFO = NO;
				MTL_FAST_MATH = YES;
				SDKROOT = iphoneos;
				SWIFT_COMPILATION_MODE = wholemodule;
				VALIDATE_PRODUCT = YES;
			};
			name = Release;
		};
		31CA3FC72D567363009AF82C /* Debug */ = {
			isa = XCBuildConfiguration;
			buildSettings = {
				ASSETCATALOG_COMPILER_APPICON_NAME = AppIcon;
				ASSETCATALOG_COMPILER_GLOBAL_ACCENT_COLOR_NAME = AccentColor;
				CODE_SIGN_STYLE = Automatic;
				CURRENT_PROJECT_VERSION = 1;
				DEVELOPMENT_ASSET_PATHS = "\"LottieAnimationsList/Preview Content\"";
				DEVELOPMENT_TEAM = 4UG443984D;
				ENABLE_PREVIEWS = YES;
				GENERATE_INFOPLIST_FILE = YES;
				INFOPLIST_KEY_UIApplicationSceneManifest_Generation = YES;
				INFOPLIST_KEY_UIApplicationSupportsIndirectInputEvents = YES;
				INFOPLIST_KEY_UILaunchScreen_Generation = YES;
				INFOPLIST_KEY_UISupportedInterfaceOrientations_iPad = "UIInterfaceOrientationPortrait UIInterfaceOrientationPortraitUpsideDown UIInterfaceOrientationLandscapeLeft UIInterfaceOrientationLandscapeRight";
				INFOPLIST_KEY_UISupportedInterfaceOrientations_iPhone = "UIInterfaceOrientationPortrait UIInterfaceOrientationLandscapeLeft UIInterfaceOrientationLandscapeRight";
				LD_RUNPATH_SEARCH_PATHS = (
					"$(inherited)",
					"@executable_path/Frameworks",
				);
				MARKETING_VERSION = 1.0;
				PRODUCT_BUNDLE_IDENTIFIER = ca.julienhwang.LottieAnimationsList;
				PRODUCT_NAME = "$(TARGET_NAME)";
				SWIFT_EMIT_LOC_STRINGS = YES;
				SWIFT_VERSION = 5.0;
				TARGETED_DEVICE_FAMILY = "1,2";
			};
			name = Debug;
		};
		31CA3FC82D567363009AF82C /* Release */ = {
			isa = XCBuildConfiguration;
			buildSettings = {
				ASSETCATALOG_COMPILER_APPICON_NAME = AppIcon;
				ASSETCATALOG_COMPILER_GLOBAL_ACCENT_COLOR_NAME = AccentColor;
				CODE_SIGN_STYLE = Automatic;
				CURRENT_PROJECT_VERSION = 1;
				DEVELOPMENT_ASSET_PATHS = "\"LottieAnimationsList/Preview Content\"";
				DEVELOPMENT_TEAM = 4UG443984D;
				ENABLE_PREVIEWS = YES;
				GENERATE_INFOPLIST_FILE = YES;
				INFOPLIST_KEY_UIApplicationSceneManifest_Generation = YES;
				INFOPLIST_KEY_UIApplicationSupportsIndirectInputEvents = YES;
				INFOPLIST_KEY_UILaunchScreen_Generation = YES;
				INFOPLIST_KEY_UISupportedInterfaceOrientations_iPad = "UIInterfaceOrientationPortrait UIInterfaceOrientationPortraitUpsideDown UIInterfaceOrientationLandscapeLeft UIInterfaceOrientationLandscapeRight";
				INFOPLIST_KEY_UISupportedInterfaceOrientations_iPhone = "UIInterfaceOrientationPortrait UIInterfaceOrientationLandscapeLeft UIInterfaceOrientationLandscapeRight";
				LD_RUNPATH_SEARCH_PATHS = (
					"$(inherited)",
					"@executable_path/Frameworks",
				);
				MARKETING_VERSION = 1.0;
				PRODUCT_BUNDLE_IDENTIFIER = ca.julienhwang.LottieAnimationsList;
				PRODUCT_NAME = "$(TARGET_NAME)";
				SWIFT_EMIT_LOC_STRINGS = YES;
				SWIFT_VERSION = 5.0;
				TARGETED_DEVICE_FAMILY = "1,2";
			};
			name = Release;
		};
/* End XCBuildConfiguration section */

/* Begin XCConfigurationList section */
		31CA3FB32D567361009AF82C /* Build configuration list for PBXProject "LottieAnimationsList" */ = {
			isa = XCConfigurationList;
			buildConfigurations = (
				31CA3FC42D567363009AF82C /* Debug */,
				31CA3FC52D567363009AF82C /* Release */,
			);
			defaultConfigurationIsVisible = 0;
			defaultConfigurationName = Release;
		};
		31CA3FC62D567363009AF82C /* Build configuration list for PBXNativeTarget "LottieAnimationsList" */ = {
			isa = XCConfigurationList;
			buildConfigurations = (
				31CA3FC72D567363009AF82C /* Debug */,
				31CA3FC82D567363009AF82C /* Release */,
			);
			defaultConfigurationIsVisible = 0;
			defaultConfigurationName = Release;
		};
/* End XCConfigurationList section */

/* Begin XCRemoteSwiftPackageReference section */
		31CA3FD52D5674B5009AF82C /* XCRemoteSwiftPackageReference "lottie-ios" */ = {
			isa = XCRemoteSwiftPackageReference;
			repositoryURL = "https://github.com/airbnb/lottie-ios";
			requirement = {
				kind = upToNextMajorVersion;
				minimumVersion = 4.5.1;
			};
		};
/* End XCRemoteSwiftPackageReference section */

/* Begin XCSwiftPackageProductDependency section */
		31CA3FD62D5674B5009AF82C /* Lottie */ = {
			isa = XCSwiftPackageProductDependency;
			package = 31CA3FD52D5674B5009AF82C /* XCRemoteSwiftPackageReference "lottie-ios" */;
			productName = Lottie;
		};
/* End XCSwiftPackageProductDependency section */
	};
	rootObject = 31CA3FB02D567361009AF82C /* Project object */;
}
